
Microsoft Visual Studio Solution File, Format Version 12.00
# Visual Studio Version 16
VisualStudioVersion = 16.0.31702.278
MinimumVisualStudioVersion = 10.0.40219.1
Project("{FAE04EC0-301F-11D3-BF4B-00C04F79EFBC}") = "WpfAuction.UI", "WpfAuction.UI\WpfAuction.UI.csproj", "{F6EE8787-E37B-40B3-A320-F0D23F104892}"
EndProject
Project("{FAE04EC0-301F-11D3-BF4B-00C04F79EFBC}") = "WpfAuction.Model", "WpfAuction.Model\WpfAuction.Model.csproj", "{4B1CF8C8-409B-45BE-A4E4-60F904096388}"
EndProject
Project("{FAE04EC0-301F-11D3-BF4B-00C04F79EFBC}") = "WpfAuction.ViewModel", "WpfAuction.ViewModel\WpfAuction.ViewModel.csproj", "{31787D19-9FA1-4F4C-82C7-44EEFA800DDE}"
EndProject
Global
	GlobalSection(SolutionConfigurationPlatforms) = preSolution
		Debug|Any CPU = Debug|Any CPU
		Release|Any CPU = Release|Any CPU
	EndGlobalSection
	GlobalSection(ProjectConfigurationPlatforms) = postSolution
		{F6EE8787-E37B-40B3-A320-F0D23F104892}.Debug|Any CPU.ActiveCfg = Debug|Any CPU
		{F6EE8787-E37B-40B3-A320-F0D23F104892}.Debug|Any CPU.Build.0 = Debug|Any CPU
		{F6EE8787-E37B-40B3-A320-F0D23F104892}.Release|Any CPU.ActiveCfg = Release|Any CPU
		{F6EE8787-E37B-40B3-A320-F0D23F104892}.Release|Any CPU.Build.0 = Release|Any CPU
		{4B1CF8C8-409B-45BE-A4E4-60F904096388}.Debug|Any CPU.ActiveCfg = Debug|Any CPU
		{4B1CF8C8-409B-45BE-A4E4-60F904096388}.Debug|Any CPU.Build.0 = Debug|Any CPU
		{4B1CF8C8-409B-45BE-A4E4-60F904096388}.Release|Any CPU.ActiveCfg = Release|Any CPU
		{4B1CF8C8-409B-45BE-A4E4-60F904096388}.Release|Any CPU.Build.0 = Release|Any CPU
		{31787D19-9FA1-4F4C-82C7-44EEFA800DDE}.Debug|Any CPU.ActiveCfg = Debug|Any CPU
		{31787D19-9FA1-4F4C-82C7-44EEFA800DDE}.Debug|Any CPU.Build.0 = Debug|Any CPU
		{31787D19-9FA1-4F4C-82C7-44EEFA800DDE}.Release|Any CPU.ActiveCfg = Release|Any CPU
		{31787D19-9FA1-4F4C-82C7-44EEFA800DDE}.Release|Any CPU.Build.0 = Release|Any CPU
	EndGlobalSection
	GlobalSection(SolutionProperties) = preSolution
		HideSolutionNode = FALSE
	EndGlobalSection
	GlobalSection(ExtensibilityGlobals) = postSolution
		SolutionGuid = {67951FF9-E722-444C-9025-137B3FD69C4F}
	EndGlobalSection
EndGlobal
